
Microsoft Visual Studio Solution File, Format Version 12.00
# Visual Studio Version 16
VisualStudioVersion = 16.0.31105.61
MinimumVisualStudioVersion = 10.0.40219.1
Project("{FAE04EC0-301F-11D3-BF4B-00C04F79EFBC}") = "DAL", "DAL\DAL.csproj", "{4D810139-0931-4A9B-803A-5546745CB7C9}"
EndProject
Project("{FAE04EC0-301F-11D3-BF4B-00C04F79EFBC}") = "Client", "Client\Client.csproj", "{CDEE8FFF-0C23-4051-9FCF-7BC1C27E04C7}"
EndProject
Project("{FAE04EC0-301F-11D3-BF4B-00C04F79EFBC}") = "BLL", "BLL\BLL.csproj", "{5551F578-E9D8-43F9-B317-B420F7EFF363}"
EndProject
Project("{FAE04EC0-301F-11D3-BF4B-00C04F79EFBC}") = "WcfService", "WcfService\WcfService.csproj", "{D148359C-DAA6-4E3B-8DDF-84D605E0B7C7}"
EndProject
Global
	GlobalSection(SolutionConfigurationPlatforms) = preSolution
		Debug|Any CPU = Debug|Any CPU
		Release|Any CPU = Release|Any CPU
	EndGlobalSection
	GlobalSection(ProjectConfigurationPlatforms) = postSolution
		{4D810139-0931-4A9B-803A-5546745CB7C9}.Debug|Any CPU.ActiveCfg = Debug|Any CPU
		{4D810139-0931-4A9B-803A-5546745CB7C9}.Debug|Any CPU.Build.0 = Debug|Any CPU
		{4D810139-0931-4A9B-803A-5546745CB7C9}.Release|Any CPU.ActiveCfg = Release|Any CPU
		{4D810139-0931-4A9B-803A-5546745CB7C9}.Release|Any CPU.Build.0 = Release|Any CPU
		{CDEE8FFF-0C23-4051-9FCF-7BC1C27E04C7}.Debug|Any CPU.ActiveCfg = Debug|Any CPU
		{CDEE8FFF-0C23-4051-9FCF-7BC1C27E04C7}.Debug|Any CPU.Build.0 = Debug|Any CPU
		{CDEE8FFF-0C23-4051-9FCF-7BC1C27E04C7}.Release|Any CPU.ActiveCfg = Release|Any CPU
		{CDEE8FFF-0C23-4051-9FCF-7BC1C27E04C7}.Release|Any CPU.Build.0 = Release|Any CPU
		{5551F578-E9D8-43F9-B317-B420F7EFF363}.Debug|Any CPU.ActiveCfg = Debug|Any CPU
		{5551F578-E9D8-43F9-B317-B420F7EFF363}.Debug|Any CPU.Build.0 = Debug|Any CPU
		{5551F578-E9D8-43F9-B317-B420F7EFF363}.Release|Any CPU.ActiveCfg = Release|Any CPU
		{5551F578-E9D8-43F9-B317-B420F7EFF363}.Release|Any CPU.Build.0 = Release|Any CPU
		{D148359C-DAA6-4E3B-8DDF-84D605E0B7C7}.Debug|Any CPU.ActiveCfg = Debug|Any CPU
		{D148359C-DAA6-4E3B-8DDF-84D605E0B7C7}.Debug|Any CPU.Build.0 = Debug|Any CPU
		{D148359C-DAA6-4E3B-8DDF-84D605E0B7C7}.Release|Any CPU.ActiveCfg = Release|Any CPU
		{D148359C-DAA6-4E3B-8DDF-84D605E0B7C7}.Release|Any CPU.Build.0 = Release|Any CPU
	EndGlobalSection
	GlobalSection(SolutionProperties) = preSolution
		HideSolutionNode = FALSE
	EndGlobalSection
	GlobalSection(ExtensibilityGlobals) = postSolution
		SolutionGuid = {ED90D487-5E35-40BA-93E9-40B4DE68E819}
	EndGlobalSection
EndGlobal
